
Microsoft Visual Studio Solution File, Format Version 12.00
Project("{2150E333-8FDC-42A3-9474-1A3956D46DE8}") = "WithoutRepo", "WithoutRepo", "{ADFC7CF0-A579-44F2-88D3-92887E32E1F8}"
EndProject
Project("{2150E333-8FDC-42A3-9474-1A3956D46DE8}") = "WithRepo", "WithRepo", "{3D0F9C0D-27A1-4C15-9611-55F64C39E6E0}"
EndProject
Project("{FAE04EC0-301F-11D3-BF4B-00C04F79EFBC}") = "CalculatorSample.App.V0", "WithoutRepo\CalculatorSample.App.V0\CalculatorSample.App.V0.csproj", "{15F9ACB7-34DC-4259-8804-B281F0A27C27}"
EndProject
Project("{FAE04EC0-301F-11D3-BF4B-00C04F79EFBC}") = "CalculatorSample.Domain.V0", "WithoutRepo\CalculatorSample.Domain.V0\CalculatorSample.Domain.V0.csproj", "{966F53C1-061C-4295-A315-ACDAA3959203}"
EndProject
Project("{FAE04EC0-301F-11D3-BF4B-00C04F79EFBC}") = "CalculatorSample.App.V1", "WithRepo\CalculatorSample.App.V1\CalculatorSample.App.V1.csproj", "{D4EF4E2A-1F4E-4994-A631-BE31B13F1398}"
EndProject
Project("{FAE04EC0-301F-11D3-BF4B-00C04F79EFBC}") = "CalculatorSample.Domain.V1", "WithRepo\CalculatorSample.Domain.V1\CalculatorSample.Domain.V1.csproj", "{3324C4C5-14F6-4279-9672-ED0D993B48B4}"
EndProject
Global
	GlobalSection(SolutionConfigurationPlatforms) = preSolution
		Debug|Any CPU = Debug|Any CPU
		Release|Any CPU = Release|Any CPU
	EndGlobalSection
	GlobalSection(ProjectConfigurationPlatforms) = postSolution
		{15F9ACB7-34DC-4259-8804-B281F0A27C27}.Debug|Any CPU.ActiveCfg = Debug|Any CPU
		{15F9ACB7-34DC-4259-8804-B281F0A27C27}.Debug|Any CPU.Build.0 = Debug|Any CPU
		{15F9ACB7-34DC-4259-8804-B281F0A27C27}.Release|Any CPU.ActiveCfg = Release|Any CPU
		{15F9ACB7-34DC-4259-8804-B281F0A27C27}.Release|Any CPU.Build.0 = Release|Any CPU
		{966F53C1-061C-4295-A315-ACDAA3959203}.Debug|Any CPU.ActiveCfg = Debug|Any CPU
		{966F53C1-061C-4295-A315-ACDAA3959203}.Debug|Any CPU.Build.0 = Debug|Any CPU
		{966F53C1-061C-4295-A315-ACDAA3959203}.Release|Any CPU.ActiveCfg = Release|Any CPU
		{966F53C1-061C-4295-A315-ACDAA3959203}.Release|Any CPU.Build.0 = Release|Any CPU
		{D4EF4E2A-1F4E-4994-A631-BE31B13F1398}.Debug|Any CPU.ActiveCfg = Debug|Any CPU
		{D4EF4E2A-1F4E-4994-A631-BE31B13F1398}.Debug|Any CPU.Build.0 = Debug|Any CPU
		{D4EF4E2A-1F4E-4994-A631-BE31B13F1398}.Release|Any CPU.ActiveCfg = Release|Any CPU
		{D4EF4E2A-1F4E-4994-A631-BE31B13F1398}.Release|Any CPU.Build.0 = Release|Any CPU
		{3324C4C5-14F6-4279-9672-ED0D993B48B4}.Debug|Any CPU.ActiveCfg = Debug|Any CPU
		{3324C4C5-14F6-4279-9672-ED0D993B48B4}.Debug|Any CPU.Build.0 = Debug|Any CPU
		{3324C4C5-14F6-4279-9672-ED0D993B48B4}.Release|Any CPU.ActiveCfg = Release|Any CPU
		{3324C4C5-14F6-4279-9672-ED0D993B48B4}.Release|Any CPU.Build.0 = Release|Any CPU
	EndGlobalSection
	GlobalSection(NestedProjects) = preSolution
		{15F9ACB7-34DC-4259-8804-B281F0A27C27} = {ADFC7CF0-A579-44F2-88D3-92887E32E1F8}
		{966F53C1-061C-4295-A315-ACDAA3959203} = {ADFC7CF0-A579-44F2-88D3-92887E32E1F8}
		{D4EF4E2A-1F4E-4994-A631-BE31B13F1398} = {3D0F9C0D-27A1-4C15-9611-55F64C39E6E0}
		{3324C4C5-14F6-4279-9672-ED0D993B48B4} = {3D0F9C0D-27A1-4C15-9611-55F64C39E6E0}
	EndGlobalSection
EndGlobal
